
Microsoft Visual Studio Solution File, Format Version 12.00
# Visual Studio Version 17
VisualStudioVersion = 17.9.34616.47
MinimumVisualStudioVersion = 10.0.40219.1
Project("{FAE04EC0-301F-11D3-BF4B-00C04F79EFBC}") = "SPACE_Hitachi_Console_Project", "SPACE_Hitachi_Console_Project.csproj", "{0F9FB9DF-C320-4CB1-BD9B-47632B5B97BB}"
EndProject
Global
	GlobalSection(SolutionConfigurationPlatforms) = preSolution
		Debug|Any CPU = Debug|Any CPU
		Release|Any CPU = Release|Any CPU
	EndGlobalSection
	GlobalSection(ProjectConfigurationPlatforms) = postSolution
		{0F9FB9DF-C320-4CB1-BD9B-47632B5B97BB}.Debug|Any CPU.ActiveCfg = Debug|Any CPU
		{0F9FB9DF-C320-4CB1-BD9B-47632B5B97BB}.Debug|Any CPU.Build.0 = Debug|Any CPU
		{0F9FB9DF-C320-4CB1-BD9B-47632B5B97BB}.Release|Any CPU.ActiveCfg = Release|Any CPU
		{0F9FB9DF-C320-4CB1-BD9B-47632B5B97BB}.Release|Any CPU.Build.0 = Release|Any CPU
	EndGlobalSection
	GlobalSection(SolutionProperties) = preSolution
		HideSolutionNode = FALSE
	EndGlobalSection
	GlobalSection(ExtensibilityGlobals) = postSolution
		SolutionGuid = {E2C88832-D49A-44FD-B29F-1F85A65682D5}
	EndGlobalSection
EndGlobal
